
Microsoft Visual Studio Solution File, Format Version 12.00
# Visual Studio Version 17
VisualStudioVersion = 17.3.32901.215
MinimumVisualStudioVersion = 10.0.40219.1
Project("{9A19103F-16F7-4668-BE54-9A1E7A4F7556}") = "LoanMicroservice", "LoanMicroservice\LoanMicroservice.csproj", "{76700004-53BD-46D0-ADFA-CDC0C9B2D595}"
EndProject
Project("{9A19103F-16F7-4668-BE54-9A1E7A4F7556}") = "UserMicroservice", "UserMicroservice\UserMicroservice.csproj", "{F1B93FAB-0DC3-4D96-8EE8-738FAB1A6F8D}"
EndProject
Project("{9A19103F-16F7-4668-BE54-9A1E7A4F7556}") = "LoanMicroserviceTest", "LoanMicroserviceTest\LoanMicroserviceTest.csproj", "{4C534F42-16D8-4D2B-A9AB-A63744820347}"
EndProject
Project("{9A19103F-16F7-4668-BE54-9A1E7A4F7556}") = "UserMicrroserviceTest", "UserMicrroserviceTest\UserMicrroserviceTest.csproj", "{0D02AA70-DD14-4527-87F2-3A845C4C8737}"
EndProject
Project("{9A19103F-16F7-4668-BE54-9A1E7A4F7556}") = "Api Gateway", "Api Gateway\Api Gateway.csproj", "{ADA47EBA-B476-4544-80BD-5D845BB7EAF9}"
EndProject
Global
	GlobalSection(SolutionConfigurationPlatforms) = preSolution
		Debug|Any CPU = Debug|Any CPU
		Release|Any CPU = Release|Any CPU
	EndGlobalSection
	GlobalSection(ProjectConfigurationPlatforms) = postSolution
		{76700004-53BD-46D0-ADFA-CDC0C9B2D595}.Debug|Any CPU.ActiveCfg = Debug|Any CPU
		{76700004-53BD-46D0-ADFA-CDC0C9B2D595}.Debug|Any CPU.Build.0 = Debug|Any CPU
		{76700004-53BD-46D0-ADFA-CDC0C9B2D595}.Release|Any CPU.ActiveCfg = Release|Any CPU
		{76700004-53BD-46D0-ADFA-CDC0C9B2D595}.Release|Any CPU.Build.0 = Release|Any CPU
		{F1B93FAB-0DC3-4D96-8EE8-738FAB1A6F8D}.Debug|Any CPU.ActiveCfg = Debug|Any CPU
		{F1B93FAB-0DC3-4D96-8EE8-738FAB1A6F8D}.Debug|Any CPU.Build.0 = Debug|Any CPU
		{F1B93FAB-0DC3-4D96-8EE8-738FAB1A6F8D}.Release|Any CPU.ActiveCfg = Release|Any CPU
		{F1B93FAB-0DC3-4D96-8EE8-738FAB1A6F8D}.Release|Any CPU.Build.0 = Release|Any CPU
		{4C534F42-16D8-4D2B-A9AB-A63744820347}.Debug|Any CPU.ActiveCfg = Debug|Any CPU
		{4C534F42-16D8-4D2B-A9AB-A63744820347}.Debug|Any CPU.Build.0 = Debug|Any CPU
		{4C534F42-16D8-4D2B-A9AB-A63744820347}.Release|Any CPU.ActiveCfg = Release|Any CPU
		{4C534F42-16D8-4D2B-A9AB-A63744820347}.Release|Any CPU.Build.0 = Release|Any CPU
		{0D02AA70-DD14-4527-87F2-3A845C4C8737}.Debug|Any CPU.ActiveCfg = Debug|Any CPU
		{0D02AA70-DD14-4527-87F2-3A845C4C8737}.Debug|Any CPU.Build.0 = Debug|Any CPU
		{0D02AA70-DD14-4527-87F2-3A845C4C8737}.Release|Any CPU.ActiveCfg = Release|Any CPU
		{0D02AA70-DD14-4527-87F2-3A845C4C8737}.Release|Any CPU.Build.0 = Release|Any CPU
		{ADA47EBA-B476-4544-80BD-5D845BB7EAF9}.Debug|Any CPU.ActiveCfg = Debug|Any CPU
		{ADA47EBA-B476-4544-80BD-5D845BB7EAF9}.Debug|Any CPU.Build.0 = Debug|Any CPU
		{ADA47EBA-B476-4544-80BD-5D845BB7EAF9}.Release|Any CPU.ActiveCfg = Release|Any CPU
		{ADA47EBA-B476-4544-80BD-5D845BB7EAF9}.Release|Any CPU.Build.0 = Release|Any CPU
	EndGlobalSection
	GlobalSection(SolutionProperties) = preSolution
		HideSolutionNode = FALSE
	EndGlobalSection
	GlobalSection(ExtensibilityGlobals) = postSolution
		SolutionGuid = {4E17A2EB-FDEB-4AE4-BB80-D46100BFE932}
	EndGlobalSection
EndGlobal
